
Microsoft Visual Studio Solution File, Format Version 12.00
# Visual Studio Version 17
VisualStudioVersion = 17.8.34309.116
MinimumVisualStudioVersion = 10.0.40219.1
Project("{9A19103F-16F7-4668-BE54-9A1E7A4F7556}") = "CorridaDeCachorros", "CorridaDeCachorros.csproj", "{4ABBBFF1-9D29-45BC-9B64-6CF22598D3FD}"
EndProject
Project("{9A19103F-16F7-4668-BE54-9A1E7A4F7556}") = "CorridaDeCachorrosTests", "..\CorridaDeCachorrosTests\CorridaDeCachorrosTests.csproj", "{2A3F2060-42D4-4CEB-BD97-D3078AA43DF8}"
EndProject
Project("{FAE04EC0-301F-11D3-BF4B-00C04F79EFBC}") = "CorridaDeCachorro.console", "CorridaDeCachorro.console\CorridaDeCachorro.console.csproj", "{104AEE9D-6D17-40FE-9C6A-90C22E3FCB66}"
EndProject
Global
	GlobalSection(SolutionConfigurationPlatforms) = preSolution
		Debug|Any CPU = Debug|Any CPU
		Release|Any CPU = Release|Any CPU
	EndGlobalSection
	GlobalSection(ProjectConfigurationPlatforms) = postSolution
		{4ABBBFF1-9D29-45BC-9B64-6CF22598D3FD}.Debug|Any CPU.ActiveCfg = Debug|Any CPU
		{4ABBBFF1-9D29-45BC-9B64-6CF22598D3FD}.Debug|Any CPU.Build.0 = Debug|Any CPU
		{4ABBBFF1-9D29-45BC-9B64-6CF22598D3FD}.Release|Any CPU.ActiveCfg = Release|Any CPU
		{4ABBBFF1-9D29-45BC-9B64-6CF22598D3FD}.Release|Any CPU.Build.0 = Release|Any CPU
		{2A3F2060-42D4-4CEB-BD97-D3078AA43DF8}.Debug|Any CPU.ActiveCfg = Debug|Any CPU
		{2A3F2060-42D4-4CEB-BD97-D3078AA43DF8}.Debug|Any CPU.Build.0 = Debug|Any CPU
		{2A3F2060-42D4-4CEB-BD97-D3078AA43DF8}.Release|Any CPU.ActiveCfg = Release|Any CPU
		{2A3F2060-42D4-4CEB-BD97-D3078AA43DF8}.Release|Any CPU.Build.0 = Release|Any CPU
		{104AEE9D-6D17-40FE-9C6A-90C22E3FCB66}.Debug|Any CPU.ActiveCfg = Debug|Any CPU
		{104AEE9D-6D17-40FE-9C6A-90C22E3FCB66}.Debug|Any CPU.Build.0 = Debug|Any CPU
		{104AEE9D-6D17-40FE-9C6A-90C22E3FCB66}.Release|Any CPU.ActiveCfg = Release|Any CPU
		{104AEE9D-6D17-40FE-9C6A-90C22E3FCB66}.Release|Any CPU.Build.0 = Release|Any CPU
	EndGlobalSection
	GlobalSection(SolutionProperties) = preSolution
		HideSolutionNode = FALSE
	EndGlobalSection
	GlobalSection(ExtensibilityGlobals) = postSolution
		SolutionGuid = {51FE2792-E0F5-4812-B07A-B96B7AE067A0}
	EndGlobalSection
EndGlobal
